
Microsoft Visual Studio Solution File, Format Version 12.00
# Visual Studio Version 17
VisualStudioVersion = 17.14.36221.1 d17.14
MinimumVisualStudioVersion = 10.0.40219.1
Project("{FAE04EC0-301F-11D3-BF4B-00C04F79EFBC}") = "adv01", "adv01\adv01.csproj", "{A3F58EFA-A74D-4C15-A2A4-CFE0DAE88B3C}"
EndProject
Global
	GlobalSection(SolutionConfigurationPlatforms) = preSolution
		Debug|Any CPU = Debug|Any CPU
		Release|Any CPU = Release|Any CPU
	EndGlobalSection
	GlobalSection(ProjectConfigurationPlatforms) = postSolution
		{A3F58EFA-A74D-4C15-A2A4-CFE0DAE88B3C}.Debug|Any CPU.ActiveCfg = Debug|Any CPU
		{A3F58EFA-A74D-4C15-A2A4-CFE0DAE88B3C}.Debug|Any CPU.Build.0 = Debug|Any CPU
		{A3F58EFA-A74D-4C15-A2A4-CFE0DAE88B3C}.Release|Any CPU.ActiveCfg = Release|Any CPU
		{A3F58EFA-A74D-4C15-A2A4-CFE0DAE88B3C}.Release|Any CPU.Build.0 = Release|Any CPU
	EndGlobalSection
	GlobalSection(SolutionProperties) = preSolution
		HideSolutionNode = FALSE
	EndGlobalSection
	GlobalSection(ExtensibilityGlobals) = postSolution
		SolutionGuid = {4A63AF62-B66A-418A-A74A-AD345474C193}
	EndGlobalSection
EndGlobal
